<?xml version="1.0" encoding="utf-8"?>
<Project ToolsVersion="4.0" xmlns="http://schemas.microsoft.com/developer/msbuild/2003">
  <ItemGroup>
    <Filter Include="Source Files">
      <UniqueIdentifier>{4FC737F1-C7A5-4376-A066-2A32D752A2FF}</UniqueIdentifier>
      <Extensions>cpp;c;cc;cxx;c++;cppm;ixx;def;odl;idl;hpj;bat;asm;asmx</Extensions>
    </Filter>
    <Filter Include="Header Files">
      <UniqueIdentifier>{93995380-89BD-4b04-88EB-625FBE52EBFB}</UniqueIdentifier>
      <Extensions>h;hh;hpp;hxx;h++;hm;inl;inc;ipp;xsd</Extensions>
    </Filter>
    <Filter Include="Resource Files">
      <UniqueIdentifier>{67DA6AB6-F800-4c08-8B7A-83BB121AAD01}</UniqueIdentifier>
      <Extensions>rc;ico;cur;bmp;dlg;rc2;rct;bin;rgs;gif;jpg;jpeg;jpe;resx;tiff;tif;png;wav;mfcribbon-ms</Extensions>
    </Filter>
  </ItemGroup>
  <ItemGroup>
    <ClCompile Include="..\crypto_win.cpp">
      <Filter>Source Files</Filter>
    </ClCompile>
    <ClCompile Include="..\enauth.cpp">
      <Filter>Source Files</Filter>
    </ClCompile>
    <ClCompile Include="..\hwid.cpp">
      <Filter>Source Files</Filter>
    </ClCompile>
    <ClCompile Include="main.cpp">
      <Filter>Source Files</Filter>
    </ClCompile>
    <ClCompile Include="lib\imgui\imgui.cpp">
      <Filter>Source Files</Filter>
    </ClCompile>
    <ClCompile Include="lib\imgui\imgui_demo.cpp">
      <Filter>Source Files</Filter>
    </ClCompile>
    <ClCompile Include="lib\imgui\imgui_draw.cpp">
      <Filter>Source Files</Filter>
    </ClCompile>
    <ClCompile Include="lib\imgui\imgui_impl_dx11.cpp">
      <Filter>Source Files</Filter>
    </ClCompile>
    <ClCompile Include="lib\imgui\imgui_impl_win32.cpp">
      <Filter>Source Files</Filter>
    </ClCompile>
    <ClCompile Include="lib\imgui\imgui_tables.cpp">
      <Filter>Source Files</Filter>
    </ClCompile>
    <ClCompile Include="lib\imgui\imgui_widgets.cpp">
      <Filter>Source Files</Filter>
    </ClCompile>
    <ClCompile Include="lib\overlay\overlay.cpp">
      <Filter>Source Files</Filter>
    </ClCompile>
    <ClCompile Include="lib\memory\memory.cpp">
      <Filter>Source Files</Filter>
    </ClCompile>
    <ClCompile Include="cheat\entity.cpp">
      <Filter>Source Files</Filter>
    </ClCompile>
  </ItemGroup>
  <ItemGroup>
    <ClInclude Include="lib\imgui\imconfig.h">
      <Filter>Header Files</Filter>
    </ClInclude>
    <ClInclude Include="lib\imgui\imgui.h">
      <Filter>Header Files</Filter>
    </ClInclude>
    <ClInclude Include="lib\imgui\imgui_impl_dx11.h">
      <Filter>Header Files</Filter>
    </ClInclude>
    <ClInclude Include="lib\imgui\imgui_impl_win32.h">
      <Filter>Header Files</Filter>
    </ClInclude>
    <ClInclude Include="lib\imgui\imgui_internal.h">
      <Filter>Header Files</Filter>
    </ClInclude>
    <ClInclude Include="lib\imgui\imstb_rectpack.h">
      <Filter>Header Files</Filter>
    </ClInclude>
    <ClInclude Include="lib\imgui\imstb_textedit.h">
      <Filter>Header Files</Filter>
    </ClInclude>
    <ClInclude Include="lib\imgui\imstb_truetype.h">
      <Filter>Header Files</Filter>
    </ClInclude>
    <ClInclude Include="lib\overlay\overlay.h">
      <Filter>Header Files</Filter>
    </ClInclude>
    <ClInclude Include="lib\memory\memory.h">
      <Filter>Header Files</Filter>
    </ClInclude>
    <ClInclude Include="cheat\entity.h">
      <Filter>Header Files</Filter>
    </ClInclude>
    <ClInclude Include="a2x\animationsystem_dll.hpp">
      <Filter>Header Files</Filter>
    </ClInclude>
    <ClInclude Include="a2x\buttons.hpp">
      <Filter>Header Files</Filter>
    </ClInclude>
    <ClInclude Include="a2x\client_dll.hpp">
      <Filter>Header Files</Filter>
    </ClInclude>
    <ClInclude Include="a2x\engine2_dll.hpp">
      <Filter>Header Files</Filter>
    </ClInclude>
    <ClInclude Include="a2x\host_dll.hpp">
      <Filter>Header Files</Filter>
    </ClInclude>
    <ClInclude Include="a2x\interfaces.hpp">
      <Filter>Header Files</Filter>
    </ClInclude>
    <ClInclude Include="a2x\materialsystem2_dll.hpp">
      <Filter>Header Files</Filter>
    </ClInclude>
    <ClInclude Include="a2x\networksystem_dll.hpp">
      <Filter>Header Files</Filter>
    </ClInclude>
    <ClInclude Include="a2x\offsets.hpp">
      <Filter>Header Files</Filter>
    </ClInclude>
    <ClInclude Include="a2x\panorama_dll.hpp">
      <Filter>Header Files</Filter>
    </ClInclude>
    <ClInclude Include="a2x\particles_dll.hpp">
      <Filter>Header Files</Filter>
    </ClInclude>
    <ClInclude Include="a2x\pulse_system_dll.hpp">
      <Filter>Header Files</Filter>
    </ClInclude>
    <ClInclude Include="a2x\rendersystemdx11_dll.hpp">
      <Filter>Header Files</Filter>
    </ClInclude>
    <ClInclude Include="a2x\resourcesystem_dll.hpp">
      <Filter>Header Files</Filter>
    </ClInclude>
    <ClInclude Include="a2x\scenesystem_dll.hpp">
      <Filter>Header Files</Filter>
    </ClInclude>
    <ClInclude Include="a2x\schemasystem_dll.hpp">
      <Filter>Header Files</Filter>
    </ClInclude>
    <ClInclude Include="a2x\server_dll.hpp">
      <Filter>Header Files</Filter>
    </ClInclude>
    <ClInclude Include="a2x\soundsystem_dll.hpp">
      <Filter>Header Files</Filter>
    </ClInclude>
    <ClInclude Include="a2x\steamaudio_dll.hpp">
      <Filter>Header Files</Filter>
    </ClInclude>
    <ClInclude Include="a2x\vphysics2_dll.hpp">
      <Filter>Header Files</Filter>
    </ClInclude>
    <ClInclude Include="a2x\worldrenderer_dll.hpp">
      <Filter>Header Files</Filter>
    </ClInclude>
    <ClInclude Include="lib\vector.h">
      <Filter>Header Files</Filter>
    </ClInclude>
  </ItemGroup>
</Project>
